
Microsoft Visual Studio Solution File, Format Version 12.00
# Visual Studio Version 17
VisualStudioVersion = 17.10.35122.118
MinimumVisualStudioVersion = 10.0.40219.1
Project("{FAE04EC0-301F-11D3-BF4B-00C04F79EFBC}") = "BTVN", "BTVN\BTVN.csproj", "{E2BFA717-A6F4-4B4D-BFAC-F2099FA652EF}"
EndProject
Global
	GlobalSection(SolutionConfigurationPlatforms) = preSolution
		Debug|Any CPU = Debug|Any CPU
		Release|Any CPU = Release|Any CPU
	EndGlobalSection
	GlobalSection(ProjectConfigurationPlatforms) = postSolution
		{E2BFA717-A6F4-4B4D-BFAC-F2099FA652EF}.Debug|Any CPU.ActiveCfg = Debug|Any CPU
		{E2BFA717-A6F4-4B4D-BFAC-F2099FA652EF}.Debug|Any CPU.Build.0 = Debug|Any CPU
		{E2BFA717-A6F4-4B4D-BFAC-F2099FA652EF}.Release|Any CPU.ActiveCfg = Release|Any CPU
		{E2BFA717-A6F4-4B4D-BFAC-F2099FA652EF}.Release|Any CPU.Build.0 = Release|Any CPU
	EndGlobalSection
	GlobalSection(SolutionProperties) = preSolution
		HideSolutionNode = FALSE
	EndGlobalSection
	GlobalSection(ExtensibilityGlobals) = postSolution
		SolutionGuid = {41F67931-F493-4FCF-A769-CC1F88B06196}
	EndGlobalSection
EndGlobal
